
Microsoft Visual Studio Solution File, Format Version 12.00
# Visual Studio Version 17
VisualStudioVersion = 17.8.34330.188
MinimumVisualStudioVersion = 10.0.40219.1
Project("{FAE04EC0-301F-11D3-BF4B-00C04F79EFBC}") = "LethalJojo", "LethalJojo.csproj", "{A5BD5351-CCFB-489C-A801-7EF518AF007F}"
EndProject
Global
	GlobalSection(SolutionConfigurationPlatforms) = preSolution
		Debug|Any CPU = Debug|Any CPU
		Release|Any CPU = Release|Any CPU
	EndGlobalSection
	GlobalSection(ProjectConfigurationPlatforms) = postSolution
		{A5BD5351-CCFB-489C-A801-7EF518AF007F}.Debug|Any CPU.ActiveCfg = Debug|Any CPU
		{A5BD5351-CCFB-489C-A801-7EF518AF007F}.Debug|Any CPU.Build.0 = Debug|Any CPU
		{A5BD5351-CCFB-489C-A801-7EF518AF007F}.Release|Any CPU.ActiveCfg = Release|Any CPU
		{A5BD5351-CCFB-489C-A801-7EF518AF007F}.Release|Any CPU.Build.0 = Release|Any CPU
	EndGlobalSection
	GlobalSection(SolutionProperties) = preSolution
		HideSolutionNode = FALSE
	EndGlobalSection
	GlobalSection(ExtensibilityGlobals) = postSolution
		SolutionGuid = {0ED1EA9C-9EA8-46BD-AE52-C5513D6BA57E}
	EndGlobalSection
EndGlobal
